PODS:
  - AFNetworking (4.0.1):
    - AFNetworking/NSURLSession (= 4.0.1)
    - AFNetworking/Reachability (= 4.0.1)
    - AFNetworking/Security (= 4.0.1)
    - AFNetworking/Serialization (= 4.0.1)
    - AFNetworking/UIKit (= 4.0.1)
  - AFNetworking/NSURLSession (4.0.1):
    - AFNetworking/Reachability
    - AFNetworking/Security
    - AFNetworking/Serialization
  - AFNetworking/Reachability (4.0.1)
  - AFNetworking/Security (4.0.1)
  - AFNetworking/Serialization (4.0.1)
  - AFNetworking/UIKit (4.0.1):
    - AFNetworking/NSURLSession
  - DKAPMMonitor (0.0.1):
    - DKKit
  - DKKit (0.1.0)
  - DKSkynet (0.0.1):
    - DKAPMMonitor
    - DKKit
    - DKSkynet/Core (= 0.0.1)
    - DKSkynet/DefaultPlugins (= 0.0.1)
    - SDWebImage
  - DKSkynet/Common (0.0.1):
    - DKAPMMonitor
    - DKKit
    - SDWebImage
  - DKSkynet/Core (0.0.1):
    - DKAPMMonitor
    - DKKit
    - DKSkynet/Common
    - DKSkynet/Store
    - SDWebImage
  - DKSkynet/DatasInfoPlugins (0.0.1):
    - DKAPMMonitor
    - DKKit
    - DKSkynet/DatasInfoPlugins/Common (= 0.0.1)
    - DKSkynet/DatasInfoPlugins/SanboxBrowse (= 0.0.1)
    - SDWebImage
  - DKSkynet/DatasInfoPlugins/Common (0.0.1):
    - DKAPMMonitor
    - DKKit
    - SDWebImage
  - DKSkynet/DatasInfoPlugins/SanboxBrowse (0.0.1):
    - DKAPMMonitor
    - DKKit
    - SDWebImage
  - DKSkynet/DefaultPlugins (0.0.1):
    - DKAPMMonitor
    - DKKit
    - DKSkynet/DatasInfoPlugins
    - DKSkynet/NetworkPlugins
    - SDWebImage
  - DKSkynet/NetworkPlugins (0.0.1):
    - DKAPMMonitor
    - DKKit
    - DKSkynet/NetworkPlugins/Common (= 0.0.1)
    - DKSkynet/NetworkPlugins/Monitor (= 0.0.1)
    - SDWebImage
  - DKSkynet/NetworkPlugins/Common (0.0.1):
    - DKAPMMonitor
    - DKKit
    - SDWebImage
  - DKSkynet/NetworkPlugins/Monitor (0.0.1):
    - DKAPMMonitor
    - DKKit
    - SDWebImage
  - DKSkynet/Store (0.0.1):
    - DKAPMMonitor
    - DKKit
    - DKSkynet/Store/MTAppenderFile (= 0.0.1)
    - SDWebImage
  - DKSkynet/Store/MTAppenderFile (0.0.1):
    - DKAPMMonitor
    - DKKit
    - SDWebImage
  - SDWebImage (5.12.5):
    - SDWebImage/Core (= 5.12.5)
  - SDWebImage/Core (5.12.5)

DEPENDENCIES:
  - AFNetworking
  - DKAPMMonitor (from `https://github.com/xiezhongmin/DKMonitor.git`)
  - DKKit (from `https://github.com/xiezhongmin/DKKit.git`)
  - DKSkynet (from `../`)

SPEC REPOS:
  trunk:
    - AFNetworking
    - SDWebImage

EXTERNAL SOURCES:
  DKAPMMonitor:
    :git: https://github.com/xiezhongmin/DKMonitor.git
  DKKit:
    :git: https://github.com/xiezhongmin/DKKit.git
  DKSkynet:
    :path: "../"

CHECKOUT OPTIONS:
  DKAPMMonitor:
    :commit: 1c33c12ff61cf5f50c1d8a161ac1b0bef3d8dfa9
    :git: https://github.com/xiezhongmin/DKMonitor.git
  DKKit:
    :commit: f82e6934ee513befdbd790effe771f959dfb9c7c
    :git: https://github.com/xiezhongmin/DKKit.git

SPEC CHECKSUMS:
  AFNetworking: 7864c38297c79aaca1500c33288e429c3451fdce
  DKAPMMonitor: 29aff5fb416d8e3faee02f7af69a17c6b14536a1
  DKKit: 4b08a83f5464ce4d4c9134e3da5d094bc1cfa17f
  DKSkynet: 8fbf360f673df05346a07241fad33b37a57628e2
  SDWebImage: 0905f1b7760fc8ac4198cae0036600d67478751e

PODFILE CHECKSUM: 4b7811d97d380e3917469930470e5fb99dbd58f2

COCOAPODS: 1.11.2
