PODS:
  - AFNetworking (4.0.1):
    - AFNetworking/NSURLSession (= 4.0.1)
    - AFNetworking/Reachability (= 4.0.1)
    - AFNetworking/Security (= 4.0.1)
    - AFNetworking/Serialization (= 4.0.1)
    - AFNetworking/UIKit (= 4.0.1)
  - AFNetworking/NSURLSession (4.0.1):
    - AFNetworking/Reachability
    - AFNetworking/Security
    - AFNetworking/Serialization
  - AFNetworking/Reachability (4.0.1)
  - AFNetworking/Security (4.0.1)
  - AFNetworking/Serialization (4.0.1)
  - AFNetworking/UIKit (4.0.1):
    - AFNetworking/NSURLSession
  - DKKit (0.0.1)
  - DKMonitor (0.0.1):
    - DKKit
    - DKMonitor/DKAPMMonitor (= 0.0.1)
    - DKMonitor/DKStackBacktrack (= 0.0.1)
  - DKMonitor/DKAPMMonitor (0.0.1):
    - DKKit
  - DKMonitor/DKStackBacktrack (0.0.1):
    - DKKit
  - DKSkynet (0.0.1):
    - DKKit
    - DKMonitor
    - DKSkynet/Core (= 0.0.1)
    - DKSkynet/DefaultPlugins (= 0.0.1)
    - SDWebImage
  - DKSkynet/Common (0.0.1):
    - DKKit
    - DKMonitor
    - SDWebImage
  - DKSkynet/Core (0.0.1):
    - DKKit
    - DKMonitor
    - DKSkynet/Common
    - DKSkynet/Store
    - SDWebImage
  - DKSkynet/DatasInfoPlugins (0.0.1):
    - DKKit
    - DKMonitor
    - DKSkynet/DatasInfoPlugins/Common (= 0.0.1)
    - DKSkynet/DatasInfoPlugins/SanboxBrowse (= 0.0.1)
    - SDWebImage
  - DKSkynet/DatasInfoPlugins/Common (0.0.1):
    - DKKit
    - DKMonitor
    - SDWebImage
  - DKSkynet/DatasInfoPlugins/SanboxBrowse (0.0.1):
    - DKKit
    - DKMonitor
    - SDWebImage
  - DKSkynet/DefaultPlugins (0.0.1):
    - DKKit
    - DKMonitor
    - DKSkynet/DatasInfoPlugins
    - DKSkynet/NetworkPlugins
    - SDWebImage
  - DKSkynet/NetworkPlugins (0.0.1):
    - DKKit
    - DKMonitor
    - DKSkynet/NetworkPlugins/Common (= 0.0.1)
    - DKSkynet/NetworkPlugins/Monitor (= 0.0.1)
    - SDWebImage
  - DKSkynet/NetworkPlugins/Common (0.0.1):
    - DKKit
    - DKMonitor
    - SDWebImage
  - DKSkynet/NetworkPlugins/Monitor (0.0.1):
    - DKKit
    - DKMonitor
    - SDWebImage
  - DKSkynet/Store (0.0.1):
    - DKKit
    - DKMonitor
    - DKSkynet/Store/MTAppenderFile (= 0.0.1)
    - SDWebImage
  - DKSkynet/Store/MTAppenderFile (0.0.1):
    - DKKit
    - DKMonitor
    - SDWebImage
  - SDWebImage (5.12.5):
    - SDWebImage/Core (= 5.12.5)
  - SDWebImage/Core (5.12.5)

DEPENDENCIES:
  - AFNetworking
  - DKKit (from `https://github.com/xiezhongmin/DKKit.git`)
  - DKMonitor (from `https://github.com/xiezhongmin/DKMonitor.git`)
  - DKSkynet (from `../`)

SPEC REPOS:
  trunk:
    - AFNetworking
    - SDWebImage

EXTERNAL SOURCES:
  DKKit:
    :git: https://github.com/xiezhongmin/DKKit.git
  DKMonitor:
    :git: https://github.com/xiezhongmin/DKMonitor.git
  DKSkynet:
    :path: "../"

CHECKOUT OPTIONS:
  DKKit:
    :commit: c9770cf572b1f7661290b2993038ccf0244688e3
    :git: https://github.com/xiezhongmin/DKKit.git
  DKMonitor:
    :commit: cfe21bb11d8be61cebc2a5a289e28c540cb8bba3
    :git: https://github.com/xiezhongmin/DKMonitor.git

SPEC CHECKSUMS:
  AFNetworking: 3bd23d814e976cd148d7d44c3ab78017b744cd58
  DKKit: 491ba63dcf08e5725cff8c6d22e52dc0c3715cd9
  DKMonitor: c4e8ccb655394e490b5f3dd1484623fa86f6a875
  DKSkynet: 770cdd2d15009a3c8e15e6a8d1dc0dbe5d2a3a68
  SDWebImage: 0905f1b7760fc8ac4198cae0036600d67478751e

PODFILE CHECKSUM: 05f4b196c0940de4ee0f8e111f6cb457ce7ab401

COCOAPODS: 1.13.0
